// !$*UTF8*$!
{
	archiveVersion = 1;
	classes = {
	};
	objectVersion = 48;
	objects = {

/* Begin PBXBuildFile section */
		5635174A20404B7E008588D6 /* Flags.swift in Sources */ = {isa = PBXBuildFile; fileRef = 5635174920404B7E008588D6 /* Flags.swift */; };
		567F228C2091E9B300FF103A /* Utils.swift in Sources */ = {isa = PBXBuildFile; fileRef = 567F228B2091E9B300FF103A /* Utils.swift */; };
		56ECC1BB203DC856009D1FA9 /* AppDelegate.swift in Sources */ = {isa = PBXBuildFile; fileRef = 56ECC1BA203DC856009D1FA9 /* AppDelegate.swift */; };
		56ECC1BD203DC856009D1FA9 /* CountriesViewController.swift in Sources */ = {isa = PBXBuildFile; fileRef = 56ECC1BC203DC856009D1FA9 /* CountriesViewController.swift */; };
		56ECC1C0203DC856009D1FA9 /* Main.storyboard in Resources */ = {isa = PBXBuildFile; fileRef = 56ECC1BE203DC856009D1FA9 /* Main.storyboard */; };
		56ECC1C2203DC856009D1FA9 /* Assets.xcassets in Resources */ = {isa = PBXBuildFile; fileRef = 56ECC1C1203DC856009D1FA9 /* Assets.xcassets */; };
		56ECC1C5203DC856009D1FA9 /* LaunchScreen.storyboard in Resources */ = {isa = PBXBuildFile; fileRef = 56ECC1C3203DC856009D1FA9 /* LaunchScreen.storyboard */; };
		56ECC1D0203DC856009D1FA9 /* eu_member_dataTests.swift in Sources */ = {isa = PBXBuildFile; fileRef = 56ECC1CF203DC856009D1FA9 /* eu_member_dataTests.swift */; };
		56ECC1DB203DC856009D1FA9 /* eu_member_dataUITests.swift in Sources */ = {isa = PBXBuildFile; fileRef = 56ECC1DA203DC856009D1FA9 /* eu_member_dataUITests.swift */; };
		56ECC1EA203DC870009D1FA9 /* eudata.json in Resources */ = {isa = PBXBuildFile; fileRef = 56ECC1E9203DC870009D1FA9 /* eudata.json */; };
		56ECC1F1203DF9E6009D1FA9 /* CountriesViewModel.swift in Sources */ = {isa = PBXBuildFile; fileRef = 56ECC1F0203DF9E6009D1FA9 /* CountriesViewModel.swift */; };
		56ECC1F3203DFD40009D1FA9 /* Country.swift in Sources */ = {isa = PBXBuildFile; fileRef = 56ECC1F2203DFD40009D1FA9 /* Country.swift */; };
		6F96153A2069252B00EA94F1 /* SortByViewController.swift in Sources */ = {isa = PBXBuildFile; fileRef = 6F9615392069252B00EA94F1 /* SortByViewController.swift */; };
/* End PBXBuildFile section */

/* Begin PBXContainerItemProxy section */
		56ECC1CC203DC856009D1FA9 /* PBXContainerItemProxy */ = {
			isa = PBXContainerItemProxy;
			containerPortal = 56ECC1AF203DC856009D1FA9 /* Project object */;
			proxyType = 1;
			remoteGlobalIDString = 56ECC1B6203DC856009D1FA9;
			remoteInfo = "eu-member-data";
		};
		56ECC1D7203DC856009D1FA9 /* PBXContainerItemProxy */ = {
			isa = PBXContainerItemProxy;
			containerPortal = 56ECC1AF203DC856009D1FA9 /* Project object */;
			proxyType = 1;
			remoteGlobalIDString = 56ECC1B6203DC856009D1FA9;
			remoteInfo = "eu-member-data";
		};
/* End PBXContainerItemProxy section */

/* Begin PBXFileReference section */
		5635174920404B7E008588D6 /* Flags.swift */ = {isa = PBXFileReference; lastKnownFileType = sourcecode.swift; path = Flags.swift; sourceTree = "<group>"; };
		567F228B2091E9B300FF103A /* Utils.swift */ = {isa = PBXFileReference; lastKnownFileType = sourcecode.swift; path = Utils.swift; sourceTree = "<group>"; };
		56ECC1B7203DC856009D1FA9 /* eu-member-data.app */ = {isa = PBXFileReference; explicitFileType = wrapper.application; includeInIndex = 0; path = "eu-member-data.app"; sourceTree = BUILT_PRODUCTS_DIR; };
		56ECC1BA203DC856009D1FA9 /* AppDelegate.swift */ = {isa = PBXFileReference; lastKnownFileType = sourcecode.swift; path = AppDelegate.swift; sourceTree = "<group>"; };
		56ECC1BC203DC856009D1FA9 /* CountriesViewController.swift */ = {isa = PBXFileReference; lastKnownFileType = sourcecode.swift; path = CountriesViewController.swift; sourceTree = "<group>"; };
		56ECC1BF203DC856009D1FA9 /* Base */ = {isa = PBXFileReference; lastKnownFileType = file.storyboard; name = Base; path = Base.lproj/Main.storyboard; sourceTree = "<group>"; };
		56ECC1C1203DC856009D1FA9 /* Assets.xcassets */ = {isa = PBXFileReference; lastKnownFileType = folder.assetcatalog; path = Assets.xcassets; sourceTree = "<group>"; };
		56ECC1C4203DC856009D1FA9 /* Base */ = {isa = PBXFileReference; lastKnownFileType = file.storyboard; name = Base; path = Base.lproj/LaunchScreen.storyboard; sourceTree = "<group>"; };
		56ECC1C6203DC856009D1FA9 /* Info.plist */ = {isa = PBXFileReference; lastKnownFileType = text.plist.xml; path = Info.plist; sourceTree = "<group>"; };
		56ECC1CB203DC856009D1FA9 /* eu-member-dataTests.xctest */ = {isa = PBXFileReference; explicitFileType = wrapper.cfbundle; includeInIndex = 0; path = "eu-member-dataTests.xctest"; sourceTree = BUILT_PRODUCTS_DIR; };
		56ECC1CF203DC856009D1FA9 /* eu_member_dataTests.swift */ = {isa = PBXFileReference; lastKnownFileType = sourcecode.swift; path = eu_member_dataTests.swift; sourceTree = "<group>"; };
		56ECC1D1203DC856009D1FA9 /* Info.plist */ = {isa = PBXFileReference; lastKnownFileType = text.plist.xml; path = Info.plist; sourceTree = "<group>"; };
		56ECC1D6203DC856009D1FA9 /* eu-member-dataUITests.xctest */ = {isa = PBXFileReference; explicitFileType = wrapper.cfbundle; includeInIndex = 0; path = "eu-member-dataUITests.xctest"; sourceTree = BUILT_PRODUCTS_DIR; };
		56ECC1DA203DC856009D1FA9 /* eu_member_dataUITests.swift */ = {isa = PBXFileReference; lastKnownFileType = sourcecode.swift; path = eu_member_dataUITests.swift; sourceTree = "<group>"; };
		56ECC1DC203DC856009D1FA9 /* Info.plist */ = {isa = PBXFileReference; lastKnownFileType = text.plist.xml; path = Info.plist; sourceTree = "<group>"; };
		56ECC1E9203DC870009D1FA9 /* eudata.json */ = {isa = PBXFileReference; fileEncoding = 4; lastKnownFileType = text.json; path = eudata.json; sourceTree = "<group>"; };
		56ECC1F0203DF9E6009D1FA9 /* CountriesViewModel.swift */ = {isa = PBXFileReference; lastKnownFileType = sourcecode.swift; path = CountriesViewModel.swift; sourceTree = "<group>"; };
		56ECC1F2203DFD40009D1FA9 /* Country.swift */ = {isa = PBXFileReference; fileEncoding = 4; lastKnownFileType = sourcecode.swift; path = Country.swift; sourceTree = "<group>"; };
		6F9615392069252B00EA94F1 /* SortByViewController.swift */ = {isa = PBXFileReference; lastKnownFileType = sourcecode.swift; path = SortByViewController.swift; sourceTree = "<group>"; };
/* End PBXFileReference section */

/* Begin PBXFrameworksBuildPhase section */
		56ECC1B4203DC856009D1FA9 /* Frameworks */ = {
			isa = PBXFrameworksBuildPhase;
			buildActionMask = 2147483647;
			files = (
			);
			runOnlyForDeploymentPostprocessing = 0;
		};
		56ECC1C8203DC856009D1FA9 /* Frameworks */ = {
			isa = PBXFrameworksBuildPhase;
			buildActionMask = 2147483647;
			files = (
			);
			runOnlyForDeploymentPostprocessing = 0;
		};
		56ECC1D3203DC856009D1FA9 /* Frameworks */ = {
			isa = PBXFrameworksBuildPhase;
			buildActionMask = 2147483647;
			files = (
			);
			runOnlyForDeploymentPostprocessing = 0;
		};
/* End PBXFrameworksBuildPhase section */

/* Begin PBXGroup section */
		5635174820404B6B008588D6 /* Commons */ = {
			isa = PBXGroup;
			children = (
				5635174920404B7E008588D6 /* Flags.swift */,
				567F228B2091E9B300FF103A /* Utils.swift */,
			);
			path = Commons;
			sourceTree = "<group>";
		};
		56ECC1AE203DC856009D1FA9 = {
			isa = PBXGroup;
			children = (
				56ECC1B9203DC856009D1FA9 /* eu-member-data */,
				56ECC1CE203DC856009D1FA9 /* eu-member-dataTests */,
				56ECC1D9203DC856009D1FA9 /* eu-member-dataUITests */,
				56ECC1B8203DC856009D1FA9 /* Products */,
			);
			sourceTree = "<group>";
		};
		56ECC1B8203DC856009D1FA9 /* Products */ = {
			isa = PBXGroup;
			children = (
				56ECC1B7203DC856009D1FA9 /* eu-member-data.app */,
				56ECC1CB203DC856009D1FA9 /* eu-member-dataTests.xctest */,
				56ECC1D6203DC856009D1FA9 /* eu-member-dataUITests.xctest */,
			);
			name = Products;
			sourceTree = "<group>";
		};
		56ECC1B9203DC856009D1FA9 /* eu-member-data */ = {
			isa = PBXGroup;
			children = (
				5635174820404B6B008588D6 /* Commons */,
				56ECC1EF203DF9BD009D1FA9 /* ViewModel */,
				56ECC1EE203DF752009D1FA9 /* View */,
				56ECC1EB203DF5E0009D1FA9 /* Model */,
				56ECC1E8203DC861009D1FA9 /* Data */,
				56ECC1BA203DC856009D1FA9 /* AppDelegate.swift */,
				56ECC1C1203DC856009D1FA9 /* Assets.xcassets */,
				56ECC1C6203DC856009D1FA9 /* Info.plist */,
			);
			path = "eu-member-data";
			sourceTree = "<group>";
		};
		56ECC1CE203DC856009D1FA9 /* eu-member-dataTests */ = {
			isa = PBXGroup;
			children = (
				56ECC1CF203DC856009D1FA9 /* eu_member_dataTests.swift */,
				56ECC1D1203DC856009D1FA9 /* Info.plist */,
			);
			path = "eu-member-dataTests";
			sourceTree = "<group>";
		};
		56ECC1D9203DC856009D1FA9 /* eu-member-dataUITests */ = {
			isa = PBXGroup;
			children = (
				56ECC1DA203DC856009D1FA9 /* eu_member_dataUITests.swift */,
				56ECC1DC203DC856009D1FA9 /* Info.plist */,
			);
			path = "eu-member-dataUITests";
			sourceTree = "<group>";
		};
		56ECC1E8203DC861009D1FA9 /* Data */ = {
			isa = PBXGroup;
			children = (
				56ECC1E9203DC870009D1FA9 /* eudata.json */,
			);
			path = Data;
			sourceTree = "<group>";
		};
		56ECC1EB203DF5E0009D1FA9 /* Model */ = {
			isa = PBXGroup;
			children = (
				56ECC1F2203DFD40009D1FA9 /* Country.swift */,
			);
			path = Model;
			sourceTree = "<group>";
		};
		56ECC1EE203DF752009D1FA9 /* View */ = {
			isa = PBXGroup;
			children = (
				56ECC1BC203DC856009D1FA9 /* CountriesViewController.swift */,
				56ECC1BE203DC856009D1FA9 /* Main.storyboard */,
				56ECC1C3203DC856009D1FA9 /* LaunchScreen.storyboard */,
				6F9615392069252B00EA94F1 /* SortByViewController.swift */,
			);
			path = View;
			sourceTree = "<group>";
		};
		56ECC1EF203DF9BD009D1FA9 /* ViewModel */ = {
			isa = PBXGroup;
			children = (
				56ECC1F0203DF9E6009D1FA9 /* CountriesViewModel.swift */,
			);
			path = ViewModel;
			sourceTree = "<group>";
		};
/* End PBXGroup section */

/* Begin PBXNativeTarget section */
		56ECC1B6203DC856009D1FA9 /* eu-member-data */ = {
			isa = PBXNativeTarget;
			buildConfigurationList = 56ECC1DF203DC856009D1FA9 /* Build configuration list for PBXNativeTarget "eu-member-data" */;
			buildPhases = (
				56ECC1B3203DC856009D1FA9 /* Sources */,
				56ECC1B4203DC856009D1FA9 /* Frameworks */,
				56ECC1B5203DC856009D1FA9 /* Resources */,
			);
			buildRules = (
			);
			dependencies = (
			);
			name = "eu-member-data";
			productName = "eu-member-data";
			productReference = 56ECC1B7203DC856009D1FA9 /* eu-member-data.app */;
			productType = "com.apple.product-type.application";
		};
		56ECC1CA203DC856009D1FA9 /* eu-member-dataTests */ = {
			isa = PBXNativeTarget;
			buildConfigurationList = 56ECC1E2203DC856009D1FA9 /* Build configuration list for PBXNativeTarget "eu-member-dataTests" */;
			buildPhases = (
				56ECC1C7203DC856009D1FA9 /* Sources */,
				56ECC1C8203DC856009D1FA9 /* Frameworks */,
				56ECC1C9203DC856009D1FA9 /* Resources */,
			);
			buildRules = (
			);
			dependencies = (
				56ECC1CD203DC856009D1FA9 /* PBXTargetDependency */,
			);
			name = "eu-member-dataTests";
			productName = "eu-member-dataTests";
			productReference = 56ECC1CB203DC856009D1FA9 /* eu-member-dataTests.xctest */;
			productType = "com.apple.product-type.bundle.unit-test";
		};
		56ECC1D5203DC856009D1FA9 /* eu-member-dataUITests */ = {
			isa = PBXNativeTarget;
			buildConfigurationList = 56ECC1E5203DC856009D1FA9 /* Build configuration list for PBXNativeTarget "eu-member-dataUITests" */;
			buildPhases = (
				56ECC1D2203DC856009D1FA9 /* Sources */,
				56ECC1D3203DC856009D1FA9 /* Frameworks */,
				56ECC1D4203DC856009D1FA9 /* Resources */,
			);
			buildRules = (
			);
			dependencies = (
				56ECC1D8203DC856009D1FA9 /* PBXTargetDependency */,
			);
			name = "eu-member-dataUITests";
			productName = "eu-member-dataUITests";
			productReference = 56ECC1D6203DC856009D1FA9 /* eu-member-dataUITests.xctest */;
			productType = "com.apple.product-type.bundle.ui-testing";
		};
/* End PBXNativeTarget section */

/* Begin PBXProject section */
		56ECC1AF203DC856009D1FA9 /* Project object */ = {
			isa = PBXProject;
			attributes = {
				LastSwiftUpdateCheck = 0920;
				LastUpgradeCheck = 0920;
				ORGANIZATIONNAME = "Tomi Lahtinen";
				TargetAttributes = {
					56ECC1B6203DC856009D1FA9 = {
						CreatedOnToolsVersion = 9.2;
						ProvisioningStyle = Automatic;
					};
					56ECC1CA203DC856009D1FA9 = {
						CreatedOnToolsVersion = 9.2;
						ProvisioningStyle = Automatic;
						TestTargetID = 56ECC1B6203DC856009D1FA9;
					};
					56ECC1D5203DC856009D1FA9 = {
						CreatedOnToolsVersion = 9.2;
						ProvisioningStyle = Automatic;
						TestTargetID = 56ECC1B6203DC856009D1FA9;
					};
				};
			};
			buildConfigurationList = 56ECC1B2203DC856009D1FA9 /* Build configuration list for PBXProject "eu-member-data" */;
			compatibilityVersion = "Xcode 8.0";
			developmentRegion = en;
			hasScannedForEncodings = 0;
			knownRegions = (
				en,
				Base,
			);
			mainGroup = 56ECC1AE203DC856009D1FA9;
			productRefGroup = 56ECC1B8203DC856009D1FA9 /* Products */;
			projectDirPath = "";
			projectRoot = "";
			targets = (
				56ECC1B6203DC856009D1FA9 /* eu-member-data */,
				56ECC1CA203DC856009D1FA9 /* eu-member-dataTests */,
				56ECC1D5203DC856009D1FA9 /* eu-member-dataUITests */,
			);
		};
/* End PBXProject section */

/* Begin PBXResourcesBuildPhase section */
		56ECC1B5203DC856009D1FA9 /* Resources */ = {
			isa = PBXResourcesBuildPhase;
			buildActionMask = 2147483647;
			files = (
				56ECC1C5203DC856009D1FA9 /* LaunchScreen.storyboard in Resources */,
				56ECC1C2203DC856009D1FA9 /* Assets.xcassets in Resources */,
				56ECC1C0203DC856009D1FA9 /* Main.storyboard in Resources */,
				56ECC1EA203DC870009D1FA9 /* eudata.json in Resources */,
			);
			runOnlyForDeploymentPostprocessing = 0;
		};
		56ECC1C9203DC856009D1FA9 /* Resources */ = {
			isa = PBXResourcesBuildPhase;
			buildActionMask = 2147483647;
			files = (
			);
			runOnlyForDeploymentPostprocessing = 0;
		};
		56ECC1D4203DC856009D1FA9 /* Resources */ = {
			isa = PBXResourcesBuildPhase;
			buildActionMask = 2147483647;
			files = (
			);
			runOnlyForDeploymentPostprocessing = 0;
		};
/* End PBXResourcesBuildPhase section */

/* Begin PBXSourcesBuildPhase section */
		56ECC1B3203DC856009D1FA9 /* Sources */ = {
			isa = PBXSourcesBuildPhase;
			buildActionMask = 2147483647;
			files = (
				56ECC1F3203DFD40009D1FA9 /* Country.swift in Sources */,
				56ECC1F1203DF9E6009D1FA9 /* CountriesViewModel.swift in Sources */,
				5635174A20404B7E008588D6 /* Flags.swift in Sources */,
				567F228C2091E9B300FF103A /* Utils.swift in Sources */,
				6F96153A2069252B00EA94F1 /* SortByViewController.swift in Sources */,
				56ECC1BD203DC856009D1FA9 /* CountriesViewController.swift in Sources */,
				56ECC1BB203DC856009D1FA9 /* AppDelegate.swift in Sources */,
			);
			runOnlyForDeploymentPostprocessing = 0;
		};
		56ECC1C7203DC856009D1FA9 /* Sources */ = {
			isa = PBXSourcesBuildPhase;
			buildActionMask = 2147483647;
			files = (
				56ECC1D0203DC856009D1FA9 /* eu_member_dataTests.swift in Sources */,
			);
			runOnlyForDeploymentPostprocessing = 0;
		};
		56ECC1D2203DC856009D1FA9 /* Sources */ = {
			isa = PBXSourcesBuildPhase;
			buildActionMask = 2147483647;
			files = (
				56ECC1DB203DC856009D1FA9 /* eu_member_dataUITests.swift in Sources */,
			);
			runOnlyForDeploymentPostprocessing = 0;
		};
/* End PBXSourcesBuildPhase section */

/* Begin PBXTargetDependency section */
		56ECC1CD203DC856009D1FA9 /* PBXTargetDependency */ = {
			isa = PBXTargetDependency;
			target = 56ECC1B6203DC856009D1FA9 /* eu-member-data */;
			targetProxy = 56ECC1CC203DC856009D1FA9 /* PBXContainerItemProxy */;
		};
		56ECC1D8203DC856009D1FA9 /* PBXTargetDependency */ = {
			isa = PBXTargetDependency;
			target = 56ECC1B6203DC856009D1FA9 /* eu-member-data */;
			targetProxy = 56ECC1D7203DC856009D1FA9 /* PBXContainerItemProxy */;
		};
/* End PBXTargetDependency section */

/* Begin PBXVariantGroup section */
		56ECC1BE203DC856009D1FA9 /* Main.storyboard */ = {
			isa = PBXVariantGroup;
			children = (
				56ECC1BF203DC856009D1FA9 /* Base */,
			);
			name = Main.storyboard;
			sourceTree = "<group>";
		};
		56ECC1C3203DC856009D1FA9 /* LaunchScreen.storyboard */ = {
			isa = PBXVariantGroup;
			children = (
				56ECC1C4203DC856009D1FA9 /* Base */,
			);
			name = LaunchScreen.storyboard;
			sourceTree = "<group>";
		};
/* End PBXVariantGroup section */

/* Begin XCBuildConfiguration section */
		56ECC1DD203DC856009D1FA9 /* Debug */ = {
			isa = XCBuildConfiguration;
			buildSettings = {
				ALWAYS_SEARCH_USER_PATHS = NO;
				CLANG_ANALYZER_NONNULL = YES;
				CLANG_ANALYZER_NUMBER_OBJECT_CONVERSION = YES_AGGRESSIVE;
				CLANG_CXX_LANGUAGE_STANDARD = "gnu++14";
				CLANG_CXX_LIBRARY = "libc++";
				CLANG_ENABLE_MODULES = YES;
				CLANG_ENABLE_OBJC_ARC = YES;
				CLANG_WARN_BLOCK_CAPTURE_AUTORELEASING = YES;
				CLANG_WARN_BOOL_CONVERSION = YES;
				CLANG_WARN_COMMA = YES;
				CLANG_WARN_CONSTANT_CONVERSION = YES;
				CLANG_WARN_DIRECT_OBJC_ISA_USAGE = YES_ERROR;
				CLANG_WARN_DOCUMENTATION_COMMENTS = YES;
				CLANG_WARN_EMPTY_BODY = YES;
				CLANG_WARN_ENUM_CONVERSION = YES;
				CLANG_WARN_INFINITE_RECURSION = YES;
				CLANG_WARN_INT_CONVERSION = YES;
				CLANG_WARN_NON_LITERAL_NULL_CONVERSION = YES;
				CLANG_WARN_OBJC_LITERAL_CONVERSION = YES;
				CLANG_WARN_OBJC_ROOT_CLASS = YES_ERROR;
				CLANG_WARN_RANGE_LOOP_ANALYSIS = YES;
				CLANG_WARN_STRICT_PROTOTYPES = YES;
				CLANG_WARN_SUSPICIOUS_MOVE = YES;
				CLANG_WARN_UNGUARDED_AVAILABILITY = YES_AGGRESSIVE;
				CLANG_WARN_UNREACHABLE_CODE = YES;
				CLANG_WARN__DUPLICATE_METHOD_MATCH = YES;
				CODE_SIGN_IDENTITY = "iPhone Developer";
				COPY_PHASE_STRIP = NO;
				DEBUG_INFORMATION_FORMAT = dwarf;
				ENABLE_STRICT_OBJC_MSGSEND = YES;
				ENABLE_TESTABILITY = YES;
				GCC_C_LANGUAGE_STANDARD = gnu11;
				GCC_DYNAMIC_NO_PIC = NO;
				GCC_NO_COMMON_BLOCKS = YES;
				GCC_OPTIMIZATION_LEVEL = 0;
				GCC_PREPROCESSOR_DEFINITIONS = (
					"DEBUG=1",
					"$(inherited)",
				);
				GCC_WARN_64_TO_32_BIT_CONVERSION = YES;
				GCC_WARN_ABOUT_RETURN_TYPE = YES_ERROR;
				GCC_WARN_UNDECLARED_SELECTOR = YES;
				GCC_WARN_UNINITIALIZED_AUTOS = YES_AGGRESSIVE;
				GCC_WARN_UNUSED_FUNCTION = YES;
				GCC_WARN_UNUSED_VARIABLE = YES;
				IPHONEOS_DEPLOYMENT_TARGET = 11.2;
				MTL_ENABLE_DEBUG_INFO = YES;
				ONLY_ACTIVE_ARCH = YES;
				SDKROOT = iphoneos;
				SWIFT_ACTIVE_COMPILATION_CONDITIONS = DEBUG;
				SWIFT_OPTIMIZATION_LEVEL = "-Onone";
			};
			name = Debug;
		};
		56ECC1DE203DC856009D1FA9 /* Release */ = {
			isa = XCBuildConfiguration;
			buildSettings = {
				ALWAYS_SEARCH_USER_PATHS = NO;
				CLANG_ANALYZER_NONNULL = YES;
				CLANG_ANALYZER_NUMBER_OBJECT_CONVERSION = YES_AGGRESSIVE;
				CLANG_CXX_LANGUAGE_STANDARD = "gnu++14";
				CLANG_CXX_LIBRARY = "libc++";
				CLANG_ENABLE_MODULES = YES;
				CLANG_ENABLE_OBJC_ARC = YES;
				CLANG_WARN_BLOCK_CAPTURE_AUTORELEASING = YES;
				CLANG_WARN_BOOL_CONVERSION = YES;
				CLANG_WARN_COMMA = YES;
				CLANG_WARN_CONSTANT_CONVERSION = YES;
				CLANG_WARN_DIRECT_OBJC_ISA_USAGE = YES_ERROR;
				CLANG_WARN_DOCUMENTATION_COMMENTS = YES;
				CLANG_WARN_EMPTY_BODY = YES;
				CLANG_WARN_ENUM_CONVERSION = YES;
				CLANG_WARN_INFINITE_RECURSION = YES;
				CLANG_WARN_INT_CONVERSION = YES;
				CLANG_WARN_NON_LITERAL_NULL_CONVERSION = YES;
				CLANG_WARN_OBJC_LITERAL_CONVERSION = YES;
				CLANG_WARN_OBJC_ROOT_CLASS = YES_ERROR;
				CLANG_WARN_RANGE_LOOP_ANALYSIS = YES;
				CLANG_WARN_STRICT_PROTOTYPES = YES;
				CLANG_WARN_SUSPICIOUS_MOVE = YES;
				CLANG_WARN_UNGUARDED_AVAILABILITY = YES_AGGRESSIVE;
				CLANG_WARN_UNREACHABLE_CODE = YES;
				CLANG_WARN__DUPLICATE_METHOD_MATCH = YES;
				CODE_SIGN_IDENTITY = "iPhone Developer";
				COPY_PHASE_STRIP = NO;
				DEBUG_INFORMATION_FORMAT = "dwarf-with-dsym";
				ENABLE_NS_ASSERTIONS = NO;
				ENABLE_STRICT_OBJC_MSGSEND = YES;
				GCC_C_LANGUAGE_STANDARD = gnu11;
				GCC_NO_COMMON_BLOCKS = YES;
				GCC_WARN_64_TO_32_BIT_CONVERSION = YES;
				GCC_WARN_ABOUT_RETURN_TYPE = YES_ERROR;
				GCC_WARN_UNDECLARED_SELECTOR = YES;
				GCC_WARN_UNINITIALIZED_AUTOS = YES_AGGRESSIVE;
				GCC_WARN_UNUSED_FUNCTION = YES;
				GCC_WARN_UNUSED_VARIABLE = YES;
				IPHONEOS_DEPLOYMENT_TARGET = 11.2;
				MTL_ENABLE_DEBUG_INFO = NO;
				SDKROOT = iphoneos;
				SWIFT_OPTIMIZATION_LEVEL = "-Owholemodule";
				VALIDATE_PRODUCT = YES;
			};
			name = Release;
		};
		56ECC1E0203DC856009D1FA9 /* Debug */ = {
			isa = XCBuildConfiguration;
			buildSettings = {
				ASSETCATALOG_COMPILER_APPICON_NAME = AppIcon;
				CODE_SIGN_STYLE = Automatic;
				DEVELOPMENT_TEAM = F4WY84DJNW;
				INFOPLIST_FILE = "eu-member-data/Info.plist";
				LD_RUNPATH_SEARCH_PATHS = "$(inherited) @executable_path/Frameworks";
				PRODUCT_BUNDLE_IDENTIFIER = "fi.solita.mobildev.eu-member-data";
				PRODUCT_NAME = "$(TARGET_NAME)";
				SWIFT_VERSION = 4.0;
				TARGETED_DEVICE_FAMILY = "1,2";
			};
			name = Debug;
		};
		56ECC1E1203DC856009D1FA9 /* Release */ = {
			isa = XCBuildConfiguration;
			buildSettings = {
				ASSETCATALOG_COMPILER_APPICON_NAME = AppIcon;
				CODE_SIGN_STYLE = Automatic;
				DEVELOPMENT_TEAM = F4WY84DJNW;
				INFOPLIST_FILE = "eu-member-data/Info.plist";
				LD_RUNPATH_SEARCH_PATHS = "$(inherited) @executable_path/Frameworks";
				PRODUCT_BUNDLE_IDENTIFIER = "fi.solita.mobildev.eu-member-data";
				PRODUCT_NAME = "$(TARGET_NAME)";
				SWIFT_VERSION = 4.0;
				TARGETED_DEVICE_FAMILY = "1,2";
			};
			name = Release;
		};
		56ECC1E3203DC856009D1FA9 /* Debug */ = {
			isa = XCBuildConfiguration;
			buildSettings = {
				ALWAYS_EMBED_SWIFT_STANDARD_LIBRARIES = YES;
				BUNDLE_LOADER = "$(TEST_HOST)";
				CODE_SIGN_STYLE = Automatic;
				DEVELOPMENT_TEAM = YU4AFJ6SHS;
				INFOPLIST_FILE = "eu-member-dataTests/Info.plist";
				LD_RUNPATH_SEARCH_PATHS = "$(inherited) @executable_path/Frameworks @loader_path/Frameworks";
				PRODUCT_BUNDLE_IDENTIFIER = "fi.solita.mobildev.eu-member-dataTests";
				PRODUCT_NAME = "$(TARGET_NAME)";
				SWIFT_VERSION = 4.0;
				TARGETED_DEVICE_FAMILY = "1,2";
				TEST_HOST = "$(BUILT_PRODUCTS_DIR)/eu-member-data.app/eu-member-data";
			};
			name = Debug;
		};
		56ECC1E4203DC856009D1FA9 /* Release */ = {
			isa = XCBuildConfiguration;
			buildSettings = {
				ALWAYS_EMBED_SWIFT_STANDARD_LIBRARIES = YES;
				BUNDLE_LOADER = "$(TEST_HOST)";
				CODE_SIGN_STYLE = Automatic;
				DEVELOPMENT_TEAM = YU4AFJ6SHS;
				INFOPLIST_FILE = "eu-member-dataTests/Info.plist";
				LD_RUNPATH_SEARCH_PATHS = "$(inherited) @executable_path/Frameworks @loader_path/Frameworks";
				PRODUCT_BUNDLE_IDENTIFIER = "fi.solita.mobildev.eu-member-dataTests";
				PRODUCT_NAME = "$(TARGET_NAME)";
				SWIFT_VERSION = 4.0;
				TARGETED_DEVICE_FAMILY = "1,2";
				TEST_HOST = "$(BUILT_PRODUCTS_DIR)/eu-member-data.app/eu-member-data";
			};
			name = Release;
		};
		56ECC1E6203DC856009D1FA9 /* Debug */ = {
			isa = XCBuildConfiguration;
			buildSettings = {
				ALWAYS_EMBED_SWIFT_STANDARD_LIBRARIES = YES;
				CODE_SIGN_STYLE = Automatic;
				DEVELOPMENT_TEAM = YU4AFJ6SHS;
				INFOPLIST_FILE = "eu-member-dataUITests/Info.plist";
				LD_RUNPATH_SEARCH_PATHS = "$(inherited) @executable_path/Frameworks @loader_path/Frameworks";
				PRODUCT_BUNDLE_IDENTIFIER = "fi.solita.mobildev.eu-member-dataUITests";
				PRODUCT_NAME = "$(TARGET_NAME)";
				SWIFT_VERSION = 4.0;
				TARGETED_DEVICE_FAMILY = "1,2";
				TEST_TARGET_NAME = "eu-member-data";
			};
			name = Debug;
		};
		56ECC1E7203DC856009D1FA9 /* Release */ = {
			isa = XCBuildConfiguration;
			buildSettings = {
				ALWAYS_EMBED_SWIFT_STANDARD_LIBRARIES = YES;
				CODE_SIGN_STYLE = Automatic;
				DEVELOPMENT_TEAM = YU4AFJ6SHS;
				INFOPLIST_FILE = "eu-member-dataUITests/Info.plist";
				LD_RUNPATH_SEARCH_PATHS = "$(inherited) @executable_path/Frameworks @loader_path/Frameworks";
				PRODUCT_BUNDLE_IDENTIFIER = "fi.solita.mobildev.eu-member-dataUITests";
				PRODUCT_NAME = "$(TARGET_NAME)";
				SWIFT_VERSION = 4.0;
				TARGETED_DEVICE_FAMILY = "1,2";
				TEST_TARGET_NAME = "eu-member-data";
			};
			name = Release;
		};
/* End XCBuildConfiguration section */

/* Begin XCConfigurationList section */
		56ECC1B2203DC856009D1FA9 /* Build configuration list for PBXProject "eu-member-data" */ = {
			isa = XCConfigurationList;
			buildConfigurations = (
				56ECC1DD203DC856009D1FA9 /* Debug */,
				56ECC1DE203DC856009D1FA9 /* Release */,
			);
			defaultConfigurationIsVisible = 0;
			defaultConfigurationName = Release;
		};
		56ECC1DF203DC856009D1FA9 /* Build configuration list for PBXNativeTarget "eu-member-data" */ = {
			isa = XCConfigurationList;
			buildConfigurations = (
				56ECC1E0203DC856009D1FA9 /* Debug */,
				56ECC1E1203DC856009D1FA9 /* Release */,
			);
			defaultConfigurationIsVisible = 0;
			defaultConfigurationName = Release;
		};
		56ECC1E2203DC856009D1FA9 /* Build configuration list for PBXNativeTarget "eu-member-dataTests" */ = {
			isa = XCConfigurationList;
			buildConfigurations = (
				56ECC1E3203DC856009D1FA9 /* Debug */,
				56ECC1E4203DC856009D1FA9 /* Release */,
			);
			defaultConfigurationIsVisible = 0;
			defaultConfigurationName = Release;
		};
		56ECC1E5203DC856009D1FA9 /* Build configuration list for PBXNativeTarget "eu-member-dataUITests" */ = {
			isa = XCConfigurationList;
			buildConfigurations = (
				56ECC1E6203DC856009D1FA9 /* Debug */,
				56ECC1E7203DC856009D1FA9 /* Release */,
			);
			defaultConfigurationIsVisible = 0;
			defaultConfigurationName = Release;
		};
/* End XCConfigurationList section */
	};
	rootObject = 56ECC1AF203DC856009D1FA9 /* Project object */;
}
